// !$*UTF8*$!
{
	archiveVersion = 1;
	classes = {
	};
	objectVersion = 56;
	objects = {

/* Begin PBXBuildFile section */
		C94859A22B5F0BA700A96CD5 /* Alert.swift in Sources */ = {isa = PBXBuildFile; fileRef = C94859A12B5F0BA700A96CD5 /* Alert.swift */; };
		C95EC7DE2B5B179F00EE009B /* AppetizersApp.swift in Sources */ = {isa = PBXBuildFile; fileRef = C95EC7DD2B5B179F00EE009B /* AppetizersApp.swift */; };
		C95EC7E02B5B179F00EE009B /* AppetizerTabView.swift in Sources */ = {isa = PBXBuildFile; fileRef = C95EC7DF2B5B179F00EE009B /* AppetizerTabView.swift */; };
		C95EC7E22B5B17A000EE009B /* Assets.xcassets in Resources */ = {isa = PBXBuildFile; fileRef = C95EC7E12B5B17A000EE009B /* Assets.xcassets */; };
		C95EC7E52B5B17A000EE009B /* Preview Assets.xcassets in Resources */ = {isa = PBXBuildFile; fileRef = C95EC7E42B5B17A000EE009B /* Preview Assets.xcassets */; };
		C95EC7EC2B5B180C00EE009B /* AppetizerListView.swift in Sources */ = {isa = PBXBuildFile; fileRef = C95EC7EB2B5B180C00EE009B /* AppetizerListView.swift */; };
		C95EC7EE2B5B181400EE009B /* AccountView.swift in Sources */ = {isa = PBXBuildFile; fileRef = C95EC7ED2B5B181400EE009B /* AccountView.swift */; };
		C95EC7F02B5B181E00EE009B /* OrderView.swift in Sources */ = {isa = PBXBuildFile; fileRef = C95EC7EF2B5B181E00EE009B /* OrderView.swift */; };
		C95EC7F22B5B1FEA00EE009B /* Appetizer.swift in Sources */ = {isa = PBXBuildFile; fileRef = C95EC7F12B5B1FEA00EE009B /* Appetizer.swift */; };
		C95EC7F42B5B290400EE009B /* AppetizerListCell.swift in Sources */ = {isa = PBXBuildFile; fileRef = C95EC7F32B5B290400EE009B /* AppetizerListCell.swift */; };
		C97F3F612B5F1254004407C5 /* LoadingView.swift in Sources */ = {isa = PBXBuildFile; fileRef = C97F3F602B5F1254004407C5 /* LoadingView.swift */; };
		C97F3F632B5F1300004407C5 /* Color+Ext.swift in Sources */ = {isa = PBXBuildFile; fileRef = C97F3F622B5F1300004407C5 /* Color+Ext.swift */; };
		C97F3F652B5F19E3004407C5 /* RemoteImage.swift in Sources */ = {isa = PBXBuildFile; fileRef = C97F3F642B5F19E3004407C5 /* RemoteImage.swift */; };
		C9C226812B5B2B3300C4362E /* NetworkManager.swift in Sources */ = {isa = PBXBuildFile; fileRef = C9C226802B5B2B3300C4362E /* NetworkManager.swift */; };
		C9C226832B5B2C3600C4362E /* APError.swift in Sources */ = {isa = PBXBuildFile; fileRef = C9C226822B5B2C3600C4362E /* APError.swift */; };
		C9C226852B5B323F00C4362E /* AppetizerListViewModel.swift in Sources */ = {isa = PBXBuildFile; fileRef = C9C226842B5B323F00C4362E /* AppetizerListViewModel.swift */; };
/* End PBXBuildFile section */

/* Begin PBXFileReference section */
		C94859A12B5F0BA700A96CD5 /* Alert.swift */ = {isa = PBXFileReference; lastKnownFileType = sourcecode.swift; path = Alert.swift; sourceTree = "<group>"; };
		C95EC7DA2B5B179F00EE009B /* Appetizers.app */ = {isa = PBXFileReference; explicitFileType = wrapper.application; includeInIndex = 0; path = Appetizers.app; sourceTree = BUILT_PRODUCTS_DIR; };
		C95EC7DD2B5B179F00EE009B /* AppetizersApp.swift */ = {isa = PBXFileReference; lastKnownFileType = sourcecode.swift; path = AppetizersApp.swift; sourceTree = "<group>"; };
		C95EC7DF2B5B179F00EE009B /* AppetizerTabView.swift */ = {isa = PBXFileReference; lastKnownFileType = sourcecode.swift; path = AppetizerTabView.swift; sourceTree = "<group>"; };
		C95EC7E12B5B17A000EE009B /* Assets.xcassets */ = {isa = PBXFileReference; lastKnownFileType = folder.assetcatalog; path = Assets.xcassets; sourceTree = "<group>"; };
		C95EC7E42B5B17A000EE009B /* Preview Assets.xcassets */ = {isa = PBXFileReference; lastKnownFileType = folder.assetcatalog; path = "Preview Assets.xcassets"; sourceTree = "<group>"; };
		C95EC7EB2B5B180C00EE009B /* AppetizerListView.swift */ = {isa = PBXFileReference; lastKnownFileType = sourcecode.swift; path = AppetizerListView.swift; sourceTree = "<group>"; };
		C95EC7ED2B5B181400EE009B /* AccountView.swift */ = {isa = PBXFileReference; lastKnownFileType = sourcecode.swift; path = AccountView.swift; sourceTree = "<group>"; };
		C95EC7EF2B5B181E00EE009B /* OrderView.swift */ = {isa = PBXFileReference; lastKnownFileType = sourcecode.swift; path = OrderView.swift; sourceTree = "<group>"; };
		C95EC7F12B5B1FEA00EE009B /* Appetizer.swift */ = {isa = PBXFileReference; lastKnownFileType = sourcecode.swift; path = Appetizer.swift; sourceTree = "<group>"; };
		C95EC7F32B5B290400EE009B /* AppetizerListCell.swift */ = {isa = PBXFileReference; lastKnownFileType = sourcecode.swift; path = AppetizerListCell.swift; sourceTree = "<group>"; };
		C97F3F602B5F1254004407C5 /* LoadingView.swift */ = {isa = PBXFileReference; lastKnownFileType = sourcecode.swift; path = LoadingView.swift; sourceTree = "<group>"; };
		C97F3F622B5F1300004407C5 /* Color+Ext.swift */ = {isa = PBXFileReference; lastKnownFileType = sourcecode.swift; path = "Color+Ext.swift"; sourceTree = "<group>"; };
		C97F3F642B5F19E3004407C5 /* RemoteImage.swift */ = {isa = PBXFileReference; lastKnownFileType = sourcecode.swift; path = RemoteImage.swift; sourceTree = "<group>"; };
		C9C226802B5B2B3300C4362E /* NetworkManager.swift */ = {isa = PBXFileReference; lastKnownFileType = sourcecode.swift; path = NetworkManager.swift; sourceTree = "<group>"; };
		C9C226822B5B2C3600C4362E /* APError.swift */ = {isa = PBXFileReference; lastKnownFileType = sourcecode.swift; path = APError.swift; sourceTree = "<group>"; };
		C9C226842B5B323F00C4362E /* AppetizerListViewModel.swift */ = {isa = PBXFileReference; lastKnownFileType = sourcecode.swift; path = AppetizerListViewModel.swift; sourceTree = "<group>"; };
/* End PBXFileReference section */

/* Begin PBXFrameworksBuildPhase section */
		C95EC7D72B5B179F00EE009B /* Frameworks */ = {
			isa = PBXFrameworksBuildPhase;
			buildActionMask = 2147483647;
			files = (
			);
			runOnlyForDeploymentPostprocessing = 0;
		};
/* End PBXFrameworksBuildPhase section */

/* Begin PBXGroup section */
		C95EC7D12B5B179F00EE009B = {
			isa = PBXGroup;
			children = (
				C95EC7DC2B5B179F00EE009B /* Appetizers */,
				C95EC7DB2B5B179F00EE009B /* Products */,
			);
			sourceTree = "<group>";
		};
		C95EC7DB2B5B179F00EE009B /* Products */ = {
			isa = PBXGroup;
			children = (
				C95EC7DA2B5B179F00EE009B /* Appetizers.app */,
			);
			name = Products;
			sourceTree = "<group>";
		};
		C95EC7DC2B5B179F00EE009B /* Appetizers */ = {
			isa = PBXGroup;
			children = (
				C95EC7DD2B5B179F00EE009B /* AppetizersApp.swift */,
				C95EC7DF2B5B179F00EE009B /* AppetizerTabView.swift */,
				C95EC7E12B5B17A000EE009B /* Assets.xcassets */,
				C95EC7E32B5B17A000EE009B /* Preview Content */,
				C95EC7EB2B5B180C00EE009B /* AppetizerListView.swift */,
				C95EC7ED2B5B181400EE009B /* AccountView.swift */,
				C95EC7EF2B5B181E00EE009B /* OrderView.swift */,
				C95EC7F12B5B1FEA00EE009B /* Appetizer.swift */,
				C95EC7F32B5B290400EE009B /* AppetizerListCell.swift */,
				C9C226802B5B2B3300C4362E /* NetworkManager.swift */,
				C9C226822B5B2C3600C4362E /* APError.swift */,
				C9C226842B5B323F00C4362E /* AppetizerListViewModel.swift */,
				C94859A12B5F0BA700A96CD5 /* Alert.swift */,
				C97F3F602B5F1254004407C5 /* LoadingView.swift */,
				C97F3F622B5F1300004407C5 /* Color+Ext.swift */,
				C97F3F642B5F19E3004407C5 /* RemoteImage.swift */,
			);
			path = Appetizers;
			sourceTree = "<group>";
		};
		C95EC7E32B5B17A000EE009B /* Preview Content */ = {
			isa = PBXGroup;
			children = (
				C95EC7E42B5B17A000EE009B /* Preview Assets.xcassets */,
			);
			path = "Preview Content";
			sourceTree = "<group>";
		};
/* End PBXGroup section */

/* Begin PBXNativeTarget section */
		C95EC7D92B5B179F00EE009B /* Appetizers */ = {
			isa = PBXNativeTarget;
			buildConfigurationList = C95EC7E82B5B17A000EE009B /* Build configuration list for PBXNativeTarget "Appetizers" */;
			buildPhases = (
				C95EC7D62B5B179F00EE009B /* Sources */,
				C95EC7D72B5B179F00EE009B /* Frameworks */,
				C95EC7D82B5B179F00EE009B /* Resources */,
			);
			buildRules = (
			);
			dependencies = (
			);
			name = Appetizers;
			productName = Appetizers;
			productReference = C95EC7DA2B5B179F00EE009B /* Appetizers.app */;
			productType = "com.apple.product-type.application";
		};
/* End PBXNativeTarget section */

/* Begin PBXProject section */
		C95EC7D22B5B179F00EE009B /* Project object */ = {
			isa = PBXProject;
			attributes = {
				BuildIndependentTargetsInParallel = 1;
				LastSwiftUpdateCheck = 1520;
				LastUpgradeCheck = 1520;
				TargetAttributes = {
					C95EC7D92B5B179F00EE009B = {
						CreatedOnToolsVersion = 15.2;
					};
				};
			};
			buildConfigurationList = C95EC7D52B5B179F00EE009B /* Build configuration list for PBXProject "Appetizers" */;
			compatibilityVersion = "Xcode 14.0";
			developmentRegion = en;
			hasScannedForEncodings = 0;
			knownRegions = (
				en,
				Base,
			);
			mainGroup = C95EC7D12B5B179F00EE009B;
			productRefGroup = C95EC7DB2B5B179F00EE009B /* Products */;
			projectDirPath = "";
			projectRoot = "";
			targets = (
				C95EC7D92B5B179F00EE009B /* Appetizers */,
			);
		};
/* End PBXProject section */

/* Begin PBXResourcesBuildPhase section */
		C95EC7D82B5B179F00EE009B /* Resources */ = {
			isa = PBXResourcesBuildPhase;
			buildActionMask = 2147483647;
			files = (
				C95EC7E52B5B17A000EE009B /* Preview Assets.xcassets in Resources */,
				C95EC7E22B5B17A000EE009B /* Assets.xcassets in Resources */,
			);
			runOnlyForDeploymentPostprocessing = 0;
		};
/* End PBXResourcesBuildPhase section */

/* Begin PBXSourcesBuildPhase section */
		C95EC7D62B5B179F00EE009B /* Sources */ = {
			isa = PBXSourcesBuildPhase;
			buildActionMask = 2147483647;
			files = (
				C95EC7F22B5B1FEA00EE009B /* Appetizer.swift in Sources */,
				C9C226832B5B2C3600C4362E /* APError.swift in Sources */,
				C95EC7F42B5B290400EE009B /* AppetizerListCell.swift in Sources */,
				C9C226852B5B323F00C4362E /* AppetizerListViewModel.swift in Sources */,
				C97F3F632B5F1300004407C5 /* Color+Ext.swift in Sources */,
				C95EC7EE2B5B181400EE009B /* AccountView.swift in Sources */,
				C97F3F612B5F1254004407C5 /* LoadingView.swift in Sources */,
				C95EC7E02B5B179F00EE009B /* AppetizerTabView.swift in Sources */,
				C9C226812B5B2B3300C4362E /* NetworkManager.swift in Sources */,
				C97F3F652B5F19E3004407C5 /* RemoteImage.swift in Sources */,
				C95EC7DE2B5B179F00EE009B /* AppetizersApp.swift in Sources */,
				C94859A22B5F0BA700A96CD5 /* Alert.swift in Sources */,
				C95EC7EC2B5B180C00EE009B /* AppetizerListView.swift in Sources */,
				C95EC7F02B5B181E00EE009B /* OrderView.swift in Sources */,
			);
			runOnlyForDeploymentPostprocessing = 0;
		};
/* End PBXSourcesBuildPhase section */

/* Begin XCBuildConfiguration section */
		C95EC7E62B5B17A000EE009B /* Debug */ = {
			isa = XCBuildConfiguration;
			buildSettings = {
				ALWAYS_SEARCH_USER_PATHS = NO;
				ASSETCATALOG_COMPILER_GENERATE_SWIFT_ASSET_SYMBOL_EXTENSIONS = YES;
				CLANG_ANALYZER_NONNULL = YES;
				CLANG_ANALYZER_NUMBER_OBJECT_CONVERSION = YES_AGGRESSIVE;
				CLANG_CXX_LANGUAGE_STANDARD = "gnu++20";
				CLANG_ENABLE_MODULES = YES;
				CLANG_ENABLE_OBJC_ARC = YES;
				CLANG_ENABLE_OBJC_WEAK = YES;
				CLANG_WARN_BLOCK_CAPTURE_AUTORELEASING = YES;
				CLANG_WARN_BOOL_CONVERSION = YES;
				CLANG_WARN_COMMA = YES;
				CLANG_WARN_CONSTANT_CONVERSION = YES;
				CLANG_WARN_DEPRECATED_OBJC_IMPLEMENTATIONS = YES;
				CLANG_WARN_DIRECT_OBJC_ISA_USAGE = YES_ERROR;
				CLANG_WARN_DOCUMENTATION_COMMENTS = YES;
				CLANG_WARN_EMPTY_BODY = YES;
				CLANG_WARN_ENUM_CONVERSION = YES;
				CLANG_WARN_INFINITE_RECURSION = YES;
				CLANG_WARN_INT_CONVERSION = YES;
				CLANG_WARN_NON_LITERAL_NULL_CONVERSION = YES;
				CLANG_WARN_OBJC_IMPLICIT_RETAIN_SELF = YES;
				CLANG_WARN_OBJC_LITERAL_CONVERSION = YES;
				CLANG_WARN_OBJC_ROOT_CLASS = YES_ERROR;
				CLANG_WARN_QUOTED_INCLUDE_IN_FRAMEWORK_HEADER = YES;
				CLANG_WARN_RANGE_LOOP_ANALYSIS = YES;
				CLANG_WARN_STRICT_PROTOTYPES = YES;
				CLANG_WARN_SUSPICIOUS_MOVE = YES;
				CLANG_WARN_UNGUARDED_AVAILABILITY = YES_AGGRESSIVE;
				CLANG_WARN_UNREACHABLE_CODE = YES;
				CLANG_WARN__DUPLICATE_METHOD_MATCH = YES;
				COPY_PHASE_STRIP = NO;
				DEBUG_INFORMATION_FORMAT = dwarf;
				ENABLE_STRICT_OBJC_MSGSEND = YES;
				ENABLE_TESTABILITY = YES;
				ENABLE_USER_SCRIPT_SANDBOXING = YES;
				GCC_C_LANGUAGE_STANDARD = gnu17;
				GCC_DYNAMIC_NO_PIC = NO;
				GCC_NO_COMMON_BLOCKS = YES;
				GCC_OPTIMIZATION_LEVEL = 0;
				GCC_PREPROCESSOR_DEFINITIONS = (
					"DEBUG=1",
					"$(inherited)",
				);
				GCC_WARN_64_TO_32_BIT_CONVERSION = YES;
				GCC_WARN_ABOUT_RETURN_TYPE = YES_ERROR;
				GCC_WARN_UNDECLARED_SELECTOR = YES;
				GCC_WARN_UNINITIALIZED_AUTOS = YES_AGGRESSIVE;
				GCC_WARN_UNUSED_FUNCTION = YES;
				GCC_WARN_UNUSED_VARIABLE = YES;
				IPHONEOS_DEPLOYMENT_TARGET = 17.2;
				LOCALIZATION_PREFERS_STRING_CATALOGS = YES;
				MTL_ENABLE_DEBUG_INFO = INCLUDE_SOURCE;
				MTL_FAST_MATH = YES;
				ONLY_ACTIVE_ARCH = YES;
				SDKROOT = iphoneos;
				SWIFT_ACTIVE_COMPILATION_CONDITIONS = "DEBUG $(inherited)";
				SWIFT_OPTIMIZATION_LEVEL = "-Onone";
			};
			name = Debug;
		};
		C95EC7E72B5B17A000EE009B /* Release */ = {
			isa = XCBuildConfiguration;
			buildSettings = {
				ALWAYS_SEARCH_USER_PATHS = NO;
				ASSETCATALOG_COMPILER_GENERATE_SWIFT_ASSET_SYMBOL_EXTENSIONS = YES;
				CLANG_ANALYZER_NONNULL = YES;
				CLANG_ANALYZER_NUMBER_OBJECT_CONVERSION = YES_AGGRESSIVE;
				CLANG_CXX_LANGUAGE_STANDARD = "gnu++20";
				CLANG_ENABLE_MODULES = YES;
				CLANG_ENABLE_OBJC_ARC = YES;
				CLANG_ENABLE_OBJC_WEAK = YES;
				CLANG_WARN_BLOCK_CAPTURE_AUTORELEASING = YES;
				CLANG_WARN_BOOL_CONVERSION = YES;
				CLANG_WARN_COMMA = YES;
				CLANG_WARN_CONSTANT_CONVERSION = YES;
				CLANG_WARN_DEPRECATED_OBJC_IMPLEMENTATIONS = YES;
				CLANG_WARN_DIRECT_OBJC_ISA_USAGE = YES_ERROR;
				CLANG_WARN_DOCUMENTATION_COMMENTS = YES;
				CLANG_WARN_EMPTY_BODY = YES;
				CLANG_WARN_ENUM_CONVERSION = YES;
				CLANG_WARN_INFINITE_RECURSION = YES;
				CLANG_WARN_INT_CONVERSION = YES;
				CLANG_WARN_NON_LITERAL_NULL_CONVERSION = YES;
				CLANG_WARN_OBJC_IMPLICIT_RETAIN_SELF = YES;
				CLANG_WARN_OBJC_LITERAL_CONVERSION = YES;
				CLANG_WARN_OBJC_ROOT_CLASS = YES_ERROR;
				CLANG_WARN_QUOTED_INCLUDE_IN_FRAMEWORK_HEADER = YES;
				CLANG_WARN_RANGE_LOOP_ANALYSIS = YES;
				CLANG_WARN_STRICT_PROTOTYPES = YES;
				CLANG_WARN_SUSPICIOUS_MOVE = YES;
				CLANG_WARN_UNGUARDED_AVAILABILITY = YES_AGGRESSIVE;
				CLANG_WARN_UNREACHABLE_CODE = YES;
				CLANG_WARN__DUPLICATE_METHOD_MATCH = YES;
				COPY_PHASE_STRIP = NO;
				DEBUG_INFORMATION_FORMAT = "dwarf-with-dsym";
				ENABLE_NS_ASSERTIONS = NO;
				ENABLE_STRICT_OBJC_MSGSEND = YES;
				ENABLE_USER_SCRIPT_SANDBOXING = YES;
				GCC_C_LANGUAGE_STANDARD = gnu17;
				GCC_NO_COMMON_BLOCKS = YES;
				GCC_WARN_64_TO_32_BIT_CONVERSION = YES;
				GCC_WARN_ABOUT_RETURN_TYPE = YES_ERROR;
				GCC_WARN_UNDECLARED_SELECTOR = YES;
				GCC_WARN_UNINITIALIZED_AUTOS = YES_AGGRESSIVE;
				GCC_WARN_UNUSED_FUNCTION = YES;
				GCC_WARN_UNUSED_VARIABLE = YES;
				IPHONEOS_DEPLOYMENT_TARGET = 17.2;
				LOCALIZATION_PREFERS_STRING_CATALOGS = YES;
				MTL_ENABLE_DEBUG_INFO = NO;
				MTL_FAST_MATH = YES;
				SDKROOT = iphoneos;
				SWIFT_COMPILATION_MODE = wholemodule;
				VALIDATE_PRODUCT = YES;
			};
			name = Release;
		};
		C95EC7E92B5B17A000EE009B /* Debug */ = {
			isa = XCBuildConfiguration;
			buildSettings = {
				ASSETCATALOG_COMPILER_APPICON_NAME = AppIcon;
				ASSETCATALOG_COMPILER_GLOBAL_ACCENT_COLOR_NAME = AccentColor;
				CODE_SIGN_STYLE = Automatic;
				CURRENT_PROJECT_VERSION = 1;
				DEVELOPMENT_ASSET_PATHS = "\"Appetizers/Preview Content\"";
				DEVELOPMENT_TEAM = JB9DG7AA39;
				ENABLE_PREVIEWS = YES;
				GENERATE_INFOPLIST_FILE = YES;
				INFOPLIST_KEY_UIApplicationSceneManifest_Generation = YES;
				INFOPLIST_KEY_UIApplicationSupportsIndirectInputEvents = YES;
				INFOPLIST_KEY_UILaunchScreen_Generation = YES;
				INFOPLIST_KEY_UISupportedInterfaceOrientations_iPad = "UIInterfaceOrientationPortrait UIInterfaceOrientationPortraitUpsideDown UIInterfaceOrientationLandscapeLeft UIInterfaceOrientationLandscapeRight";
				INFOPLIST_KEY_UISupportedInterfaceOrientations_iPhone = "UIInterfaceOrientationPortrait UIInterfaceOrientationLandscapeLeft UIInterfaceOrientationLandscapeRight";
				LD_RUNPATH_SEARCH_PATHS = (
					"$(inherited)",
					"@executable_path/Frameworks",
				);
				MARKETING_VERSION = 1.0;
				PRODUCT_BUNDLE_IDENTIFIER = com.mattzbik.Appetizers;
				PRODUCT_NAME = "$(TARGET_NAME)";
				SWIFT_EMIT_LOC_STRINGS = YES;
				SWIFT_VERSION = 5.0;
				TARGETED_DEVICE_FAMILY = "1,2";
			};
			name = Debug;
		};
		C95EC7EA2B5B17A000EE009B /* Release */ = {
			isa = XCBuildConfiguration;
			buildSettings = {
				ASSETCATALOG_COMPILER_APPICON_NAME = AppIcon;
				ASSETCATALOG_COMPILER_GLOBAL_ACCENT_COLOR_NAME = AccentColor;
				CODE_SIGN_STYLE = Automatic;
				CURRENT_PROJECT_VERSION = 1;
				DEVELOPMENT_ASSET_PATHS = "\"Appetizers/Preview Content\"";
				DEVELOPMENT_TEAM = JB9DG7AA39;
				ENABLE_PREVIEWS = YES;
				GENERATE_INFOPLIST_FILE = YES;
				INFOPLIST_KEY_UIApplicationSceneManifest_Generation = YES;
				INFOPLIST_KEY_UIApplicationSupportsIndirectInputEvents = YES;
				INFOPLIST_KEY_UILaunchScreen_Generation = YES;
				INFOPLIST_KEY_UISupportedInterfaceOrientations_iPad = "UIInterfaceOrientationPortrait UIInterfaceOrientationPortraitUpsideDown UIInterfaceOrientationLandscapeLeft UIInterfaceOrientationLandscapeRight";
				INFOPLIST_KEY_UISupportedInterfaceOrientations_iPhone = "UIInterfaceOrientationPortrait UIInterfaceOrientationLandscapeLeft UIInterfaceOrientationLandscapeRight";
				LD_RUNPATH_SEARCH_PATHS = (
					"$(inherited)",
					"@executable_path/Frameworks",
				);
				MARKETING_VERSION = 1.0;
				PRODUCT_BUNDLE_IDENTIFIER = com.mattzbik.Appetizers;
				PRODUCT_NAME = "$(TARGET_NAME)";
				SWIFT_EMIT_LOC_STRINGS = YES;
				SWIFT_VERSION = 5.0;
				TARGETED_DEVICE_FAMILY = "1,2";
			};
			name = Release;
		};
/* End XCBuildConfiguration section */

/* Begin XCConfigurationList section */
		C95EC7D52B5B179F00EE009B /* Build configuration list for PBXProject "Appetizers" */ = {
			isa = XCConfigurationList;
			buildConfigurations = (
				C95EC7E62B5B17A000EE009B /* Debug */,
				C95EC7E72B5B17A000EE009B /* Release */,
			);
			defaultConfigurationIsVisible = 0;
			defaultConfigurationName = Release;
		};
		C95EC7E82B5B17A000EE009B /* Build configuration list for PBXNativeTarget "Appetizers" */ = {
			isa = XCConfigurationList;
			buildConfigurations = (
				C95EC7E92B5B17A000EE009B /* Debug */,
				C95EC7EA2B5B17A000EE009B /* Release */,
			);
			defaultConfigurationIsVisible = 0;
			defaultConfigurationName = Release;
		};
/* End XCConfigurationList section */
	};
	rootObject = C95EC7D22B5B179F00EE009B /* Project object */;
}
